
Microsoft Visual Studio Solution File, Format Version 12.00
# Visual Studio Version 17
VisualStudioVersion = 17.1.32328.378
MinimumVisualStudioVersion = 10.0.40219.1
Project("{2150E333-8FDC-42A3-9474-1A3956D46DE8}") = "BankingAccount", "BankingAccount", "{79EA25F3-97A8-452C-82E5-EA65FC46E329}"
EndProject
Project("{2150E333-8FDC-42A3-9474-1A3956D46DE8}") = "Microservices", "Microservices", "{E1E01C52-8523-40D9-99AA-158EF01BCD3C}"
EndProject
Project("{2150E333-8FDC-42A3-9474-1A3956D46DE8}") = "CQRS", "CQRS", "{8DF5E920-9C9D-47D0-BE6B-32E454830A09}"
EndProject
Project("{2150E333-8FDC-42A3-9474-1A3956D46DE8}") = "Command", "Command", "{13B4996B-D597-41C4-A441-48052B6D9AD1}"
EndProject
Project("{2150E333-8FDC-42A3-9474-1A3956D46DE8}") = "Query", "Query", "{F1B99D72-6C88-49CD-875C-C9031ADAC91E}"
EndProject
Project("{9A19103F-16F7-4668-BE54-9A1E7A4F7556}") = "Banking.Cqrs.Core", "Banking.Cqrs.Core\Banking.Cqrs.Core.csproj", "{CAAE6F47-1763-4A50-91CA-CBE795F96CD3}"
EndProject
Project("{2150E333-8FDC-42A3-9474-1A3956D46DE8}") = "Api", "Api", "{DD33AC4C-9063-4654-BC42-5FAD3F13EB5B}"
EndProject
Project("{2150E333-8FDC-42A3-9474-1A3956D46DE8}") = "Domain", "Domain", "{1E4FBB1D-C304-42B2-BBEA-958A3D87D034}"
EndProject
Project("{2150E333-8FDC-42A3-9474-1A3956D46DE8}") = "Infrastructure", "Infrastructure", "{61EB4ABA-F717-4F6D-A9BB-5DF10F891626}"
EndProject
Project("{2150E333-8FDC-42A3-9474-1A3956D46DE8}") = "Application", "Application", "{42D1DA50-87A9-4F6C-BEA8-320BF63C7B5F}"
EndProject
Project("{9A19103F-16F7-4668-BE54-9A1E7A4F7556}") = "Banking.Account.Command.Domain", "Banking.Account.Command.Domain\Banking.Account.Command.Domain.csproj", "{89B8DC1F-EEBE-434F-A065-7B2D2946F7CC}"
EndProject
Project("{9A19103F-16F7-4668-BE54-9A1E7A4F7556}") = "Banking.Account.Command.Application", "Banking.Account.Command\Banking.Account.Command.Application.csproj", "{23963FA9-CCA1-402B-8398-292A9F3D5D2E}"
EndProject
Project("{9A19103F-16F7-4668-BE54-9A1E7A4F7556}") = "Banking.Account.Command.Infrastructure", "Banking.Account.Command.Infrastructure\Banking.Account.Command.Infrastructure.csproj", "{EE7C358C-9777-4D14-A7A1-EDFAE43C62DF}"
EndProject
Project("{9A19103F-16F7-4668-BE54-9A1E7A4F7556}") = "Banking.Account.Command.Api", "Banking.Account.Command.Api\Banking.Account.Command.Api.csproj", "{6D5C9F2B-63B5-444D-B380-04D5113F68AA}"
EndProject
Project("{2150E333-8FDC-42A3-9474-1A3956D46DE8}") = "Api", "Api", "{0E1C68A5-7A14-4DCB-A550-7B7FC938B36E}"
EndProject
Project("{2150E333-8FDC-42A3-9474-1A3956D46DE8}") = "Application", "Application", "{11D78248-550D-4F04-B030-BBBB1CBC161F}"
EndProject
Project("{2150E333-8FDC-42A3-9474-1A3956D46DE8}") = "Domain", "Domain", "{6B2E03A3-B856-48AB-B7FD-2AD2168B0EEF}"
EndProject
Project("{2150E333-8FDC-42A3-9474-1A3956D46DE8}") = "Infrastrucutre", "Infrastrucutre", "{108C26BC-2612-4C01-90BF-044E5DD58D84}"
EndProject
Project("{2150E333-8FDC-42A3-9474-1A3956D46DE8}") = "Consumer", "Consumer", "{010C0A04-C5C8-48E5-A291-B33B93FEEC08}"
EndProject
Project("{9A19103F-16F7-4668-BE54-9A1E7A4F7556}") = "Banking.Account.Query.Domain", "Banking.Account.Query.Domain\Banking.Account.Query.Domain.csproj", "{0A8B8E5E-5053-4741-9DC2-96A179EBA8A4}"
EndProject
Project("{9A19103F-16F7-4668-BE54-9A1E7A4F7556}") = "Banking.Account.Query.Application", "Banking.Account.Query.Application\Banking.Account.Query.Application.csproj", "{C07EE7D6-A54E-495D-95A8-D25AECB6D789}"
EndProject
Project("{FAE04EC0-301F-11D3-BF4B-00C04F79EFBC}") = "Banking.Account.Query.Infrastructure", "Banking.Account.Query.Infrastructure\Banking.Account.Query.Infrastructure.csproj", "{ED86FC83-4690-49D5-BEBF-798D14C4FBCE}"
EndProject
Project("{2150E333-8FDC-42A3-9474-1A3956D46DE8}") = "NewFolder1", "NewFolder1", "{476B7DE3-3952-41E4-86F8-5D35B4D41D01}"
EndProject
Project("{FAE04EC0-301F-11D3-BF4B-00C04F79EFBC}") = "Banking.Account.Query.Api", "Banking.Account.Query.Api\Banking.Account.Query.Api.csproj", "{CE25CEDB-4D9C-41E3-A5B1-A516E186C0E2}"
EndProject
Project("{FAE04EC0-301F-11D3-BF4B-00C04F79EFBC}") = "Banking.Account.Query.Consumer", "Banking.Account.Query.Consumer\Banking.Account.Query.Consumer.csproj", "{D884DDCB-BF1F-4912-86E8-03BA844BAEDA}"
EndProject
Global
	GlobalSection(SolutionConfigurationPlatforms) = preSolution
		Debug|Any CPU = Debug|Any CPU
		Release|Any CPU = Release|Any CPU
	EndGlobalSection
	GlobalSection(ProjectConfigurationPlatforms) = postSolution
		{CAAE6F47-1763-4A50-91CA-CBE795F96CD3}.Debug|Any CPU.ActiveCfg = Debug|Any CPU
		{CAAE6F47-1763-4A50-91CA-CBE795F96CD3}.Debug|Any CPU.Build.0 = Debug|Any CPU
		{CAAE6F47-1763-4A50-91CA-CBE795F96CD3}.Release|Any CPU.ActiveCfg = Release|Any CPU
		{CAAE6F47-1763-4A50-91CA-CBE795F96CD3}.Release|Any CPU.Build.0 = Release|Any CPU
		{89B8DC1F-EEBE-434F-A065-7B2D2946F7CC}.Debug|Any CPU.ActiveCfg = Debug|Any CPU
		{89B8DC1F-EEBE-434F-A065-7B2D2946F7CC}.Debug|Any CPU.Build.0 = Debug|Any CPU
		{89B8DC1F-EEBE-434F-A065-7B2D2946F7CC}.Release|Any CPU.ActiveCfg = Release|Any CPU
		{89B8DC1F-EEBE-434F-A065-7B2D2946F7CC}.Release|Any CPU.Build.0 = Release|Any CPU
		{23963FA9-CCA1-402B-8398-292A9F3D5D2E}.Debug|Any CPU.ActiveCfg = Debug|Any CPU
		{23963FA9-CCA1-402B-8398-292A9F3D5D2E}.Debug|Any CPU.Build.0 = Debug|Any CPU
		{23963FA9-CCA1-402B-8398-292A9F3D5D2E}.Release|Any CPU.ActiveCfg = Release|Any CPU
		{23963FA9-CCA1-402B-8398-292A9F3D5D2E}.Release|Any CPU.Build.0 = Release|Any CPU
		{EE7C358C-9777-4D14-A7A1-EDFAE43C62DF}.Debug|Any CPU.ActiveCfg = Debug|Any CPU
		{EE7C358C-9777-4D14-A7A1-EDFAE43C62DF}.Debug|Any CPU.Build.0 = Debug|Any CPU
		{EE7C358C-9777-4D14-A7A1-EDFAE43C62DF}.Release|Any CPU.ActiveCfg = Release|Any CPU
		{EE7C358C-9777-4D14-A7A1-EDFAE43C62DF}.Release|Any CPU.Build.0 = Release|Any CPU
		{6D5C9F2B-63B5-444D-B380-04D5113F68AA}.Debug|Any CPU.ActiveCfg = Debug|Any CPU
		{6D5C9F2B-63B5-444D-B380-04D5113F68AA}.Debug|Any CPU.Build.0 = Debug|Any CPU
		{6D5C9F2B-63B5-444D-B380-04D5113F68AA}.Release|Any CPU.ActiveCfg = Release|Any CPU
		{6D5C9F2B-63B5-444D-B380-04D5113F68AA}.Release|Any CPU.Build.0 = Release|Any CPU
		{0A8B8E5E-5053-4741-9DC2-96A179EBA8A4}.Debug|Any CPU.ActiveCfg = Debug|Any CPU
		{0A8B8E5E-5053-4741-9DC2-96A179EBA8A4}.Debug|Any CPU.Build.0 = Debug|Any CPU
		{0A8B8E5E-5053-4741-9DC2-96A179EBA8A4}.Release|Any CPU.ActiveCfg = Release|Any CPU
		{0A8B8E5E-5053-4741-9DC2-96A179EBA8A4}.Release|Any CPU.Build.0 = Release|Any CPU
		{C07EE7D6-A54E-495D-95A8-D25AECB6D789}.Debug|Any CPU.ActiveCfg = Debug|Any CPU
		{C07EE7D6-A54E-495D-95A8-D25AECB6D789}.Debug|Any CPU.Build.0 = Debug|Any CPU
		{C07EE7D6-A54E-495D-95A8-D25AECB6D789}.Release|Any CPU.ActiveCfg = Release|Any CPU
		{C07EE7D6-A54E-495D-95A8-D25AECB6D789}.Release|Any CPU.Build.0 = Release|Any CPU
		{ED86FC83-4690-49D5-BEBF-798D14C4FBCE}.Debug|Any CPU.ActiveCfg = Debug|Any CPU
		{ED86FC83-4690-49D5-BEBF-798D14C4FBCE}.Debug|Any CPU.Build.0 = Debug|Any CPU
		{ED86FC83-4690-49D5-BEBF-798D14C4FBCE}.Release|Any CPU.ActiveCfg = Release|Any CPU
		{ED86FC83-4690-49D5-BEBF-798D14C4FBCE}.Release|Any CPU.Build.0 = Release|Any CPU
		{CE25CEDB-4D9C-41E3-A5B1-A516E186C0E2}.Debug|Any CPU.ActiveCfg = Debug|Any CPU
		{CE25CEDB-4D9C-41E3-A5B1-A516E186C0E2}.Debug|Any CPU.Build.0 = Debug|Any CPU
		{CE25CEDB-4D9C-41E3-A5B1-A516E186C0E2}.Release|Any CPU.ActiveCfg = Release|Any CPU
		{CE25CEDB-4D9C-41E3-A5B1-A516E186C0E2}.Release|Any CPU.Build.0 = Release|Any CPU
		{D884DDCB-BF1F-4912-86E8-03BA844BAEDA}.Debug|Any CPU.ActiveCfg = Debug|Any CPU
		{D884DDCB-BF1F-4912-86E8-03BA844BAEDA}.Debug|Any CPU.Build.0 = Debug|Any CPU
		{D884DDCB-BF1F-4912-86E8-03BA844BAEDA}.Release|Any CPU.ActiveCfg = Release|Any CPU
		{D884DDCB-BF1F-4912-86E8-03BA844BAEDA}.Release|Any CPU.Build.0 = Release|Any CPU
	EndGlobalSection
	GlobalSection(SolutionProperties) = preSolution
		HideSolutionNode = FALSE
	EndGlobalSection
	GlobalSection(NestedProjects) = preSolution
		{E1E01C52-8523-40D9-99AA-158EF01BCD3C} = {79EA25F3-97A8-452C-82E5-EA65FC46E329}
		{13B4996B-D597-41C4-A441-48052B6D9AD1} = {E1E01C52-8523-40D9-99AA-158EF01BCD3C}
		{F1B99D72-6C88-49CD-875C-C9031ADAC91E} = {E1E01C52-8523-40D9-99AA-158EF01BCD3C}
		{CAAE6F47-1763-4A50-91CA-CBE795F96CD3} = {8DF5E920-9C9D-47D0-BE6B-32E454830A09}
		{DD33AC4C-9063-4654-BC42-5FAD3F13EB5B} = {13B4996B-D597-41C4-A441-48052B6D9AD1}
		{1E4FBB1D-C304-42B2-BBEA-958A3D87D034} = {13B4996B-D597-41C4-A441-48052B6D9AD1}
		{61EB4ABA-F717-4F6D-A9BB-5DF10F891626} = {13B4996B-D597-41C4-A441-48052B6D9AD1}
		{42D1DA50-87A9-4F6C-BEA8-320BF63C7B5F} = {13B4996B-D597-41C4-A441-48052B6D9AD1}
		{89B8DC1F-EEBE-434F-A065-7B2D2946F7CC} = {1E4FBB1D-C304-42B2-BBEA-958A3D87D034}
		{23963FA9-CCA1-402B-8398-292A9F3D5D2E} = {42D1DA50-87A9-4F6C-BEA8-320BF63C7B5F}
		{EE7C358C-9777-4D14-A7A1-EDFAE43C62DF} = {61EB4ABA-F717-4F6D-A9BB-5DF10F891626}
		{6D5C9F2B-63B5-444D-B380-04D5113F68AA} = {DD33AC4C-9063-4654-BC42-5FAD3F13EB5B}
		{0E1C68A5-7A14-4DCB-A550-7B7FC938B36E} = {F1B99D72-6C88-49CD-875C-C9031ADAC91E}
		{11D78248-550D-4F04-B030-BBBB1CBC161F} = {F1B99D72-6C88-49CD-875C-C9031ADAC91E}
		{6B2E03A3-B856-48AB-B7FD-2AD2168B0EEF} = {F1B99D72-6C88-49CD-875C-C9031ADAC91E}
		{108C26BC-2612-4C01-90BF-044E5DD58D84} = {F1B99D72-6C88-49CD-875C-C9031ADAC91E}
		{010C0A04-C5C8-48E5-A291-B33B93FEEC08} = {F1B99D72-6C88-49CD-875C-C9031ADAC91E}
		{0A8B8E5E-5053-4741-9DC2-96A179EBA8A4} = {6B2E03A3-B856-48AB-B7FD-2AD2168B0EEF}
		{C07EE7D6-A54E-495D-95A8-D25AECB6D789} = {11D78248-550D-4F04-B030-BBBB1CBC161F}
		{ED86FC83-4690-49D5-BEBF-798D14C4FBCE} = {108C26BC-2612-4C01-90BF-044E5DD58D84}
		{476B7DE3-3952-41E4-86F8-5D35B4D41D01} = {F1B99D72-6C88-49CD-875C-C9031ADAC91E}
		{CE25CEDB-4D9C-41E3-A5B1-A516E186C0E2} = {0E1C68A5-7A14-4DCB-A550-7B7FC938B36E}
		{D884DDCB-BF1F-4912-86E8-03BA844BAEDA} = {010C0A04-C5C8-48E5-A291-B33B93FEEC08}
	EndGlobalSection
	GlobalSection(ExtensibilityGlobals) = postSolution
		SolutionGuid = {EC0A35A1-7334-4AC3-8264-AAFB3D641EBB}
	EndGlobalSection
EndGlobal
